# THIS IS AN AUTOGENERATED FILE. DO NOT EDIT THIS FILE DIRECTLY.
# yarn lockfile v1


jquery@^3.4.1:
  version "3.4.1"
  resolved "https://registry.yarnpkg.com/jquery/-/jquery-3.4.1.tgz#714f1f8d9dde4bdfa55764ba37ef214630d80ef2"
  integrity sha512-36+AdBzCL+y6qjw5Tx7HgzeGCzC81MDDgaUP8ld2zhx58HdqXGoBd+tHdrBMiyjGQs0Hxs/MLZTu/eHNJJuWPw==

node-bin-setup@^1.0.0:
  version "1.0.6"
  resolved "https://registry.yarnpkg.com/node-bin-setup/-/node-bin-setup-1.0.6.tgz#4b5c9bb937ece702d7069b36ca78af4684677528"
  integrity sha512-uPIxXNis1CRbv1DwqAxkgBk5NFV3s7cMN/Gf556jSw6jBvV7ca4F9lRL/8cALcZecRibeqU+5dFYqFFmzv5a0Q==

node@^12.8.0:
  version "12.8.0"
  resolved "https://registry.yarnpkg.com/node/-/node-12.8.0.tgz#2c6262da20e07d8283813d87ba8b7b3a1af674d8"
  integrity sha512-ipGOXF4pBfDHJ0VBDmQoXxngQuHgYfurQY8ZHmzQ4g3VdeFm6zDktv27AUD24d+njNygXjouMMNTA87DJeSO/g==
  dependencies:
    node-bin-setup "^1.0.0"
